Microsoft Visual Studio Solution File, Format Version 12.00
# Visual Studio 2012
Project("{FAE04EC0-301F-11D3-BF4B-00C04F79EFBC}") = "GoDot Project Zero", "GoDot Project Zero.csproj", "{3A1E6045-1C2B-4407-B849-BC1A9C0CF5BC}"
EndProject
Global
	GlobalSection(SolutionConfigurationPlatforms) = preSolution
	Debug|Any CPU = Debug|Any CPU
	ExportDebug|Any CPU = ExportDebug|Any CPU
	ExportRelease|Any CPU = ExportRelease|Any CPU
	EndGlobalSection
	GlobalSection(ProjectConfigurationPlatforms) = postSolution
		{3A1E6045-1C2B-4407-B849-BC1A9C0CF5BC}.Debug|Any CPU.ActiveCfg = Debug|Any CPU
		{3A1E6045-1C2B-4407-B849-BC1A9C0CF5BC}.Debug|Any CPU.Build.0 = Debug|Any CPU
		{3A1E6045-1C2B-4407-B849-BC1A9C0CF5BC}.ExportDebug|Any CPU.ActiveCfg = ExportDebug|Any CPU
		{3A1E6045-1C2B-4407-B849-BC1A9C0CF5BC}.ExportDebug|Any CPU.Build.0 = ExportDebug|Any CPU
		{3A1E6045-1C2B-4407-B849-BC1A9C0CF5BC}.ExportRelease|Any CPU.ActiveCfg = ExportRelease|Any CPU
		{3A1E6045-1C2B-4407-B849-BC1A9C0CF5BC}.ExportRelease|Any CPU.Build.0 = ExportRelease|Any CPU
	EndGlobalSection
EndGlobal
